
Microsoft Visual Studio Solution File, Format Version 12.00
# Visual Studio Version 16
VisualStudioVersion = 16.0.31005.135
MinimumVisualStudioVersion = 10.0.40219.1
Project("{9A19103F-16F7-4668-BE54-9A1E7A4F7556}") = "FactioServer", "FactioServer\FactioServer.csproj", "{638EA55B-FCC7-47B6-81B5-A957E0DD8261}"
EndProject
Project("{9A19103F-16F7-4668-BE54-9A1E7A4F7556}") = "FactioShared", "FactioShared\FactioShared.csproj", "{1A7DCF8F-105B-49B8-AEA5-FEA804411638}"
EndProject
Global
	GlobalSection(SolutionConfigurationPlatforms) = preSolution
		Debug|Any CPU = Debug|Any CPU
		Release|Any CPU = Release|Any CPU
	EndGlobalSection
	GlobalSection(ProjectConfigurationPlatforms) = postSolution
		{638EA55B-FCC7-47B6-81B5-A957E0DD8261}.Debug|Any CPU.ActiveCfg = Debug|Any CPU
		{638EA55B-FCC7-47B6-81B5-A957E0DD8261}.Debug|Any CPU.Build.0 = Debug|Any CPU
		{638EA55B-FCC7-47B6-81B5-A957E0DD8261}.Release|Any CPU.ActiveCfg = Release|Any CPU
		{638EA55B-FCC7-47B6-81B5-A957E0DD8261}.Release|Any CPU.Build.0 = Release|Any CPU
		{1A7DCF8F-105B-49B8-AEA5-FEA804411638}.Debug|Any CPU.ActiveCfg = Debug|Any CPU
		{1A7DCF8F-105B-49B8-AEA5-FEA804411638}.Debug|Any CPU.Build.0 = Debug|Any CPU
		{1A7DCF8F-105B-49B8-AEA5-FEA804411638}.Release|Any CPU.ActiveCfg = Release|Any CPU
		{1A7DCF8F-105B-49B8-AEA5-FEA804411638}.Release|Any CPU.Build.0 = Release|Any CPU
	EndGlobalSection
	GlobalSection(SolutionProperties) = preSolution
		HideSolutionNode = FALSE
	EndGlobalSection
	GlobalSection(ExtensibilityGlobals) = postSolution
		SolutionGuid = {EFD0A0A1-96B8-48BC-A6E0-9A20E60750DD}
	EndGlobalSection
EndGlobal
